
Microsoft Visual Studio Solution File, Format Version 12.00
# Visual Studio Version 17
VisualStudioVersion = 17.6.33829.357
MinimumVisualStudioVersion = 10.0.40219.1
Project("{FAE04EC0-301F-11D3-BF4B-00C04F79EFBC}") = "StudyCSharp", "StudyCSharp\StudyCSharp.csproj", "{BBC662C0-A816-4276-AE40-A4B836DC3903}"
EndProject
Global
	GlobalSection(SolutionConfigurationPlatforms) = preSolution
		Debug|Any CPU = Debug|Any CPU
		Release|Any CPU = Release|Any CPU
	EndGlobalSection
	GlobalSection(ProjectConfigurationPlatforms) = postSolution
		{BBC662C0-A816-4276-AE40-A4B836DC3903}.Debug|Any CPU.ActiveCfg = Debug|Any CPU
		{BBC662C0-A816-4276-AE40-A4B836DC3903}.Debug|Any CPU.Build.0 = Debug|Any CPU
		{BBC662C0-A816-4276-AE40-A4B836DC3903}.Release|Any CPU.ActiveCfg = Release|Any CPU
		{BBC662C0-A816-4276-AE40-A4B836DC3903}.Release|Any CPU.Build.0 = Release|Any CPU
	EndGlobalSection
	GlobalSection(SolutionProperties) = preSolution
		HideSolutionNode = FALSE
	EndGlobalSection
	GlobalSection(ExtensibilityGlobals) = postSolution
		SolutionGuid = {FD0BCA17-2939-4508-8BEA-4468E8A36608}
	EndGlobalSection
EndGlobal
